
Microsoft Visual Studio Solution File, Format Version 12.00
# Visual Studio Version 16
VisualStudioVersion = 16.0.29209.62
MinimumVisualStudioVersion = 10.0.40219.1
Project("{FAE04EC0-301F-11D3-BF4B-00C04F79EFBC}") = "Core.Specflow", "Core.Specflow\Core.Specflow.csproj", "{74E91373-8284-444D-85B4-AF5B81B418B7}"
EndProject
Project("{FAE04EC0-301F-11D3-BF4B-00C04F79EFBC}") = "SpecflowTestFramework", "SpecflowTestFramework\SpecflowTestFramework.csproj", "{F9E2A0EF-9842-4C73-9663-CDB9A65AC396}"
EndProject
Project("{FAE04EC0-301F-11D3-BF4B-00C04F79EFBC}") = "SpecflowTestCore", "SpecflowTestCore\SpecflowTestCore.csproj", "{C073C1C2-1B58-43DD-B8F3-B38EF64A911B}"
EndProject
Global
	GlobalSection(SolutionConfigurationPlatforms) = preSolution
		Debug|Any CPU = Debug|Any CPU
		Release|Any CPU = Release|Any CPU
	EndGlobalSection
	GlobalSection(ProjectConfigurationPlatforms) = postSolution
		{74E91373-8284-444D-85B4-AF5B81B418B7}.Debug|Any CPU.ActiveCfg = Debug|Any CPU
		{74E91373-8284-444D-85B4-AF5B81B418B7}.Debug|Any CPU.Build.0 = Debug|Any CPU
		{74E91373-8284-444D-85B4-AF5B81B418B7}.Release|Any CPU.ActiveCfg = Release|Any CPU
		{74E91373-8284-444D-85B4-AF5B81B418B7}.Release|Any CPU.Build.0 = Release|Any CPU
		{F9E2A0EF-9842-4C73-9663-CDB9A65AC396}.Debug|Any CPU.ActiveCfg = Debug|Any CPU
		{F9E2A0EF-9842-4C73-9663-CDB9A65AC396}.Debug|Any CPU.Build.0 = Debug|Any CPU
		{F9E2A0EF-9842-4C73-9663-CDB9A65AC396}.Release|Any CPU.ActiveCfg = Release|Any CPU
		{F9E2A0EF-9842-4C73-9663-CDB9A65AC396}.Release|Any CPU.Build.0 = Release|Any CPU
		{C073C1C2-1B58-43DD-B8F3-B38EF64A911B}.Debug|Any CPU.ActiveCfg = Debug|Any CPU
		{C073C1C2-1B58-43DD-B8F3-B38EF64A911B}.Debug|Any CPU.Build.0 = Debug|Any CPU
		{C073C1C2-1B58-43DD-B8F3-B38EF64A911B}.Release|Any CPU.ActiveCfg = Release|Any CPU
		{C073C1C2-1B58-43DD-B8F3-B38EF64A911B}.Release|Any CPU.Build.0 = Release|Any CPU
	EndGlobalSection
	GlobalSection(SolutionProperties) = preSolution
		HideSolutionNode = FALSE
	EndGlobalSection
	GlobalSection(ExtensibilityGlobals) = postSolution
		SolutionGuid = {FFC63E19-663F-41B7-AB35-249383D2FE1E}
	EndGlobalSection
EndGlobal
